
Microsoft Visual Studio Solution File, Format Version 12.00
Project("{FAE04EC0-301F-11D3-BF4B-00C04F79EFBC}") = "VoxelSpace", "VoxelSpace\VoxelSpace.csproj", "{16B85BE2-050D-40A1-9972-015770836FBC}"
EndProject
Global
	GlobalSection(SolutionConfigurationPlatforms) = preSolution
		Debug|Any CPU = Debug|Any CPU
		Release|Any CPU = Release|Any CPU
	EndGlobalSection
	GlobalSection(ProjectConfigurationPlatforms) = postSolution
		{16B85BE2-050D-40A1-9972-015770836FBC}.Debug|Any CPU.ActiveCfg = Debug|Any CPU
		{16B85BE2-050D-40A1-9972-015770836FBC}.Debug|Any CPU.Build.0 = Debug|Any CPU
		{16B85BE2-050D-40A1-9972-015770836FBC}.Release|Any CPU.ActiveCfg = Release|Any CPU
		{16B85BE2-050D-40A1-9972-015770836FBC}.Release|Any CPU.Build.0 = Release|Any CPU
	EndGlobalSection
EndGlobal
